
Microsoft Visual Studio Solution File, Format Version 12.00
# Visual Studio Version 17
VisualStudioVersion = 17.0.32112.339
MinimumVisualStudioVersion = 10.0.40219.1
Project("{9A19103F-16F7-4668-BE54-9A1E7A4F7556}") = "Kalkyl", "Kalkyl\Kalkyl.csproj", "{91B95AAD-52F4-4B1A-B398-C6240CBDE0BF}"
EndProject
Project("{2150E333-8FDC-42A3-9474-1A3956D46DE8}") = "Solution Items", "Solution Items", "{F3646AA2-98E9-4362-8AF6-E3CA4C5B8E85}"
EndProject
Project("{FAE04EC0-301F-11D3-BF4B-00C04F79EFBC}") = "ClassLib", "ClassLib\ClassLib.csproj", "{C7435367-5DC2-43E3-9EF3-90ADAFD8EDFF}"
EndProject
Project("{FAE04EC0-301F-11D3-BF4B-00C04F79EFBC}") = "Tests", "Tests\Tests.csproj", "{AFC7AB20-ED34-4579-A4A8-0D0077AC6054}"
EndProject
Global
	GlobalSection(SolutionConfigurationPlatforms) = preSolution
		Debug|Any CPU = Debug|Any CPU
		Release|Any CPU = Release|Any CPU
	EndGlobalSection
	GlobalSection(ProjectConfigurationPlatforms) = postSolution
		{91B95AAD-52F4-4B1A-B398-C6240CBDE0BF}.Debug|Any CPU.ActiveCfg = Debug|Any CPU
		{91B95AAD-52F4-4B1A-B398-C6240CBDE0BF}.Debug|Any CPU.Build.0 = Debug|Any CPU
		{91B95AAD-52F4-4B1A-B398-C6240CBDE0BF}.Release|Any CPU.ActiveCfg = Release|Any CPU
		{91B95AAD-52F4-4B1A-B398-C6240CBDE0BF}.Release|Any CPU.Build.0 = Release|Any CPU
		{C7435367-5DC2-43E3-9EF3-90ADAFD8EDFF}.Debug|Any CPU.ActiveCfg = Debug|Any CPU
		{C7435367-5DC2-43E3-9EF3-90ADAFD8EDFF}.Debug|Any CPU.Build.0 = Debug|Any CPU
		{C7435367-5DC2-43E3-9EF3-90ADAFD8EDFF}.Release|Any CPU.ActiveCfg = Release|Any CPU
		{C7435367-5DC2-43E3-9EF3-90ADAFD8EDFF}.Release|Any CPU.Build.0 = Release|Any CPU
		{AFC7AB20-ED34-4579-A4A8-0D0077AC6054}.Debug|Any CPU.ActiveCfg = Debug|Any CPU
		{AFC7AB20-ED34-4579-A4A8-0D0077AC6054}.Debug|Any CPU.Build.0 = Debug|Any CPU
		{AFC7AB20-ED34-4579-A4A8-0D0077AC6054}.Release|Any CPU.ActiveCfg = Release|Any CPU
		{AFC7AB20-ED34-4579-A4A8-0D0077AC6054}.Release|Any CPU.Build.0 = Release|Any CPU
	EndGlobalSection
	GlobalSection(SolutionProperties) = preSolution
		HideSolutionNode = FALSE
	EndGlobalSection
	GlobalSection(ExtensibilityGlobals) = postSolution
		SolutionGuid = {6CE47314-7D4B-4970-AFD5-4FEB5159EBC6}
	EndGlobalSection
EndGlobal
